
Microsoft Visual Studio Solution File, Format Version 12.00
# Visual Studio Version 17
VisualStudioVersion = 17.11.35219.272
MinimumVisualStudioVersion = 10.0.40219.1
Project("{FAE04EC0-301F-11D3-BF4B-00C04F79EFBC}") = "CoreRouting", "CoreRouting\CoreRouting.csproj", "{3758AB01-8138-4A9B-8855-982DF895D791}"
EndProject
Global
	GlobalSection(SolutionConfigurationPlatforms) = preSolution
		Debug|Any CPU = Debug|Any CPU
		Release|Any CPU = Release|Any CPU
	EndGlobalSection
	GlobalSection(ProjectConfigurationPlatforms) = postSolution
		{3758AB01-8138-4A9B-8855-982DF895D791}.Debug|Any CPU.ActiveCfg = Debug|Any CPU
		{3758AB01-8138-4A9B-8855-982DF895D791}.Debug|Any CPU.Build.0 = Debug|Any CPU
		{3758AB01-8138-4A9B-8855-982DF895D791}.Release|Any CPU.ActiveCfg = Release|Any CPU
		{3758AB01-8138-4A9B-8855-982DF895D791}.Release|Any CPU.Build.0 = Release|Any CPU
	EndGlobalSection
	GlobalSection(SolutionProperties) = preSolution
		HideSolutionNode = FALSE
	EndGlobalSection
	GlobalSection(ExtensibilityGlobals) = postSolution
		SolutionGuid = {BD15C1F7-B629-4F80-9D52-F52D8ED154AC}
	EndGlobalSection
EndGlobal
